// !$*UTF8*$!
{
	archiveVersion = 1;
	classes = {
	};
	objectVersion = 46;
	objects = {

/* Begin PBXBuildFile section */
		A667BAA81CC8BBC30011919E /* GoogleMobileAds.framework in Frameworks */ = {isa = PBXBuildFile; fileRef = A667BAA71CC8BBC30011919E /* GoogleMobileAds.framework */; };
		A6E598531CC7DA090007980F /* GoogleMobileAds.framework in Frameworks */ = {isa = PBXBuildFile; fileRef = A6E598521CC7DA090007980F /* GoogleMobileAds.framework */; };
		A6E598541CC7DA8E0007980F /* BackFillInterstitialAdapter.m in Sources */ = {isa = PBXBuildFile; fileRef = E0BF36CF19E7B5A4004FBCD0 /* BackFillInterstitialAdapter.m */; };
		A6E598551CC7DA920007980F /* BackFillBannerAdapter.m in Sources */ = {isa = PBXBuildFile; fileRef = E0BCEBD619E5443E00975F97 /* BackFillBannerAdapter.m */; };
		E012409119BBE6FC002C94C4 /* InMobiBannerAdapter.h in Headers */ = {isa = PBXBuildFile; fileRef = E012408F19BBE6FC002C94C4 /* InMobiBannerAdapter.h */; };
		E012409519BC2A97002C94C4 /* MMBannerAdapter.h in Headers */ = {isa = PBXBuildFile; fileRef = E012409319BC2A97002C94C4 /* MMBannerAdapter.h */; };
		E012409819BC2C81002C94C4 /* EventKit.framework in Frameworks */ = {isa = PBXBuildFile; fileRef = E012409719BC2C81002C94C4 /* EventKit.framework */; };
		E012409A19BC2C8F002C94C4 /* MediaPlayer.framework in Frameworks */ = {isa = PBXBuildFile; fileRef = E012409919BC2C8F002C94C4 /* MediaPlayer.framework */; };
		E012409E19BC2CBC002C94C4 /* StoreKit.framework in Frameworks */ = {isa = PBXBuildFile; fileRef = E012409D19BC2CBC002C94C4 /* StoreKit.framework */; };
		E01240A119BC3CE1002C94C4 /* AmazonInterstitialAdapter.h in Headers */ = {isa = PBXBuildFile; fileRef = E012409F19BC3CE1002C94C4 /* AmazonInterstitialAdapter.h */; };
		E01240A519BC45EF002C94C4 /* MMInterstitialAdapter.h in Headers */ = {isa = PBXBuildFile; fileRef = E01240A319BC45EF002C94C4 /* MMInterstitialAdapter.h */; };
		E01240A919BDAE82002C94C4 /* InMobiInterstitialAdapter.h in Headers */ = {isa = PBXBuildFile; fileRef = E01240A719BDAE82002C94C4 /* InMobiInterstitialAdapter.h */; };
		E0848B8419AC318800FB4930 /* Foundation.framework in Frameworks */ = {isa = PBXBuildFile; fileRef = E0848B8319AC318800FB4930 /* Foundation.framework */; };
		E0848B8619AC318800FB4930 /* CoreFoundation.framework in Frameworks */ = {isa = PBXBuildFile; fileRef = E0848B8519AC318800FB4930 /* CoreFoundation.framework */; };
		E0848B8819AC318800FB4930 /* UIKit.framework in Frameworks */ = {isa = PBXBuildFile; fileRef = E0848B8719AC318800FB4930 /* UIKit.framework */; };
		E0848B8A19AC318800FB4930 /* MobileCoreServices.framework in Frameworks */ = {isa = PBXBuildFile; fileRef = E0848B8919AC318800FB4930 /* MobileCoreServices.framework */; };
		E0848B8C19AC318800FB4930 /* CoreGraphics.framework in Frameworks */ = {isa = PBXBuildFile; fileRef = E0848B8B19AC318800FB4930 /* CoreGraphics.framework */; };
		E0848B8E19AC318800FB4930 /* SystemConfiguration.framework in Frameworks */ = {isa = PBXBuildFile; fileRef = E0848B8D19AC318800FB4930 /* SystemConfiguration.framework */; };
		E0848B9019AC318800FB4930 /* AudioToolbox.framework in Frameworks */ = {isa = PBXBuildFile; fileRef = E0848B8F19AC318800FB4930 /* AudioToolbox.framework */; };
		E0848B9219AC318800FB4930 /* CFNetwork.framework in Frameworks */ = {isa = PBXBuildFile; fileRef = E0848B9119AC318800FB4930 /* CFNetwork.framework */; };
		E0848B9419AC318800FB4930 /* QuartzCore.framework in Frameworks */ = {isa = PBXBuildFile; fileRef = E0848B9319AC318800FB4930 /* QuartzCore.framework */; };
		E0848B9619AC318800FB4930 /* OpenGLES.framework in Frameworks */ = {isa = PBXBuildFile; fileRef = E0848B9519AC318800FB4930 /* OpenGLES.framework */; };
		E0848B9819AC318800FB4930 /* CoreLocation.framework in Frameworks */ = {isa = PBXBuildFile; fileRef = E0848B9719AC318800FB4930 /* CoreLocation.framework */; };
		E0848B9A19AC318800FB4930 /* CoreMedia.framework in Frameworks */ = {isa = PBXBuildFile; fileRef = E0848B9919AC318800FB4930 /* CoreMedia.framework */; };
		E0848B9C19AC318800FB4930 /* CoreVideo.framework in Frameworks */ = {isa = PBXBuildFile; fileRef = E0848B9B19AC318800FB4930 /* CoreVideo.framework */; };
		E0848B9E19AC318800FB4930 /* AVFoundation.framework in Frameworks */ = {isa = PBXBuildFile; fileRef = E0848B9D19AC318800FB4930 /* AVFoundation.framework */; };
		E0848BA019AC318800FB4930 /* Security.framework in Frameworks */ = {isa = PBXBuildFile; fileRef = E0848B9F19AC318800FB4930 /* Security.framework */; };
		E0848BB019AC318800FB4930 /* Advertising.m in Sources */ = {isa = PBXBuildFile; fileRef = E0848BAF19AC318800FB4930 /* Advertising.m */; };
		E0848BC319AC324A00FB4930 /* AdManager.h in Headers */ = {isa = PBXBuildFile; fileRef = E0848BC119AC324A00FB4930 /* AdManager.h */; };
		E0848BC419AC324A00FB4930 /* AdManager.m in Sources */ = {isa = PBXBuildFile; fileRef = E0848BC219AC324A00FB4930 /* AdManager.m */; };
		E0BCEBD719E5443E00975F97 /* BackFillBannerAdapter.h in Headers */ = {isa = PBXBuildFile; fileRef = E0BCEBD519E5443E00975F97 /* BackFillBannerAdapter.h */; };
		E0E2AD7E19B0484B0097D303 /* AbstractAdAdapter.m in Sources */ = {isa = PBXBuildFile; fileRef = E0E2AD7C19B0484B0097D303 /* AbstractAdAdapter.m */; };
		E0E2AD8619B04A410097D303 /* AdmobBannerAdapter.m in Sources */ = {isa = PBXBuildFile; fileRef = E0E2AD8419B04A410097D303 /* AdmobBannerAdapter.m */; };
		E0E2AD9119B208D80097D303 /* AdSupport.framework in Frameworks */ = {isa = PBXBuildFile; fileRef = E0E2AD8F19B208D70097D303 /* AdSupport.framework */; };
		E0E2AD9A19B2C29B0097D303 /* AdmobInterstitialAdapter.m in Sources */ = {isa = PBXBuildFile; fileRef = E0E2AD9819B2C29B0097D303 /* AdmobInterstitialAdapter.m */; };
/* End PBXBuildFile section */

/* Begin PBXFileReference section */
		A667BAA71CC8BBC30011919E /* GoogleMobileAds.framework */ = {isa = PBXFileReference; lastKnownFileType = wrapper.framework; name = GoogleMobileAds.framework; path = GoogleMobileAdsSdkiOS/GoogleMobileAds.framework; sourceTree = "<group>"; };
		A6E598521CC7DA090007980F /* GoogleMobileAds.framework */ = {isa = PBXFileReference; lastKnownFileType = wrapper.framework; name = GoogleMobileAds.framework; path = Advertising/GoogleMobileAdsSdkiOS/GoogleMobileAds.framework; sourceTree = SOURCE_ROOT; };
		E012408F19BBE6FC002C94C4 /* InMobiBannerAdapter.h */ = {isa = PBXFileReference; fileEncoding = 4; lastKnownFileType = sourcecode.c.h; name = InMobiBannerAdapter.h; path = adapter/InMobiBannerAdapter.h; sourceTree = "<group>"; };
		E012409019BBE6FC002C94C4 /* InMobiBannerAdapter.m */ = {isa = PBXFileReference; fileEncoding = 4; lastKnownFileType = sourcecode.c.objc; name = InMobiBannerAdapter.m; path = adapter/InMobiBannerAdapter.m; sourceTree = "<group>"; };
		E012409319BC2A97002C94C4 /* MMBannerAdapter.h */ = {isa = PBXFileReference; fileEncoding = 4; lastKnownFileType = sourcecode.c.h; name = MMBannerAdapter.h; path = adapter/MMBannerAdapter.h; sourceTree = "<group>"; };
		E012409419BC2A97002C94C4 /* MMBannerAdapter.m */ = {isa = PBXFileReference; fileEncoding = 4; lastKnownFileType = sourcecode.c.objc; name = MMBannerAdapter.m; path = adapter/MMBannerAdapter.m; sourceTree = "<group>"; };
		E012409719BC2C81002C94C4 /* EventKit.framework */ = {isa = PBXFileReference; lastKnownFileType = wrapper.framework; name = EventKit.framework; path = System/Library/Frameworks/EventKit.framework; sourceTree = SDKROOT; };
		E012409919BC2C8F002C94C4 /* MediaPlayer.framework */ = {isa = PBXFileReference; lastKnownFileType = wrapper.framework; name = MediaPlayer.framework; path = System/Library/Frameworks/MediaPlayer.framework; sourceTree = SDKROOT; };
		E012409D19BC2CBC002C94C4 /* StoreKit.framework */ = {isa = PBXFileReference; lastKnownFileType = wrapper.framework; name = StoreKit.framework; path = System/Library/Frameworks/StoreKit.framework; sourceTree = SDKROOT; };
		E012409F19BC3CE1002C94C4 /* AmazonInterstitialAdapter.h */ = {isa = PBXFileReference; fileEncoding = 4; lastKnownFileType = sourcecode.c.h; name = AmazonInterstitialAdapter.h; path = adapter/AmazonInterstitialAdapter.h; sourceTree = "<group>"; };
		E01240A019BC3CE1002C94C4 /* AmazonInterstitialAdapter.m */ = {isa = PBXFileReference; fileEncoding = 4; lastKnownFileType = sourcecode.c.objc; name = AmazonInterstitialAdapter.m; path = adapter/AmazonInterstitialAdapter.m; sourceTree = "<group>"; };
		E01240A319BC45EF002C94C4 /* MMInterstitialAdapter.h */ = {isa = PBXFileReference; fileEncoding = 4; lastKnownFileType = sourcecode.c.h; name = MMInterstitialAdapter.h; path = adapter/MMInterstitialAdapter.h; sourceTree = "<group>"; };
		E01240A419BC45EF002C94C4 /* MMInterstitialAdapter.m */ = {isa = PBXFileReference; fileEncoding = 4; lastKnownFileType = sourcecode.c.objc; name = MMInterstitialAdapter.m; path = adapter/MMInterstitialAdapter.m; sourceTree = "<group>"; };
		E01240A719BDAE82002C94C4 /* InMobiInterstitialAdapter.h */ = {isa = PBXFileReference; fileEncoding = 4; lastKnownFileType = sourcecode.c.h; name = InMobiInterstitialAdapter.h; path = adapter/InMobiInterstitialAdapter.h; sourceTree = "<group>"; };
		E01240A819BDAE82002C94C4 /* InMobiInterstitialAdapter.m */ = {isa = PBXFileReference; fileEncoding = 4; lastKnownFileType = sourcecode.c.objc; name = InMobiInterstitialAdapter.m; path = adapter/InMobiInterstitialAdapter.m; sourceTree = "<group>"; };
		E0848B8019AC318800FB4930 /* libAdvertising.a */ = {isa = PBXFileReference; explicitFileType = archive.ar; includeInIndex = 0; path = libAdvertising.a; sourceTree = BUILT_PRODUCTS_DIR; };
		E0848B8319AC318800FB4930 /* Foundation.framework */ = {isa = PBXFileReference; lastKnownFileType = wrapper.framework; name = Foundation.framework; path = System/Library/Frameworks/Foundation.framework; sourceTree = SDKROOT; };
		E0848B8519AC318800FB4930 /* CoreFoundation.framework */ = {isa = PBXFileReference; lastKnownFileType = wrapper.framework; name = CoreFoundation.framework; path = System/Library/Frameworks/CoreFoundation.framework; sourceTree = SDKROOT; };
		E0848B8719AC318800FB4930 /* UIKit.framework */ = {isa = PBXFileReference; lastKnownFileType = wrapper.framework; name = UIKit.framework; path = System/Library/Frameworks/UIKit.framework; sourceTree = SDKROOT; };
		E0848B8919AC318800FB4930 /* MobileCoreServices.framework */ = {isa = PBXFileReference; lastKnownFileType = wrapper.framework; name = MobileCoreServices.framework; path = System/Library/Frameworks/MobileCoreServices.framework; sourceTree = SDKROOT; };
		E0848B8B19AC318800FB4930 /* CoreGraphics.framework */ = {isa = PBXFileReference; lastKnownFileType = wrapper.framework; name = CoreGraphics.framework; path = System/Library/Frameworks/CoreGraphics.framework; sourceTree = SDKROOT; };
		E0848B8D19AC318800FB4930 /* SystemConfiguration.framework */ = {isa = PBXFileReference; lastKnownFileType = wrapper.framework; name = SystemConfiguration.framework; path = System/Library/Frameworks/SystemConfiguration.framework; sourceTree = SDKROOT; };
		E0848B8F19AC318800FB4930 /* AudioToolbox.framework */ = {isa = PBXFileReference; lastKnownFileType = wrapper.framework; name = AudioToolbox.framework; path = System/Library/Frameworks/AudioToolbox.framework; sourceTree = SDKROOT; };
		E0848B9119AC318800FB4930 /* CFNetwork.framework */ = {isa = PBXFileReference; lastKnownFileType = wrapper.framework; name = CFNetwork.framework; path = System/Library/Frameworks/CFNetwork.framework; sourceTree = SDKROOT; };
		E0848B9319AC318800FB4930 /* QuartzCore.framework */ = {isa = PBXFileReference; lastKnownFileType = wrapper.framework; name = QuartzCore.framework; path = System/Library/Frameworks/QuartzCore.framework; sourceTree = SDKROOT; };
		E0848B9519AC318800FB4930 /* OpenGLES.framework */ = {isa = PBXFileReference; lastKnownFileType = wrapper.framework; name = OpenGLES.framework; path = System/Library/Frameworks/OpenGLES.framework; sourceTree = SDKROOT; };
		E0848B9719AC318800FB4930 /* CoreLocation.framework */ = {isa = PBXFileReference; lastKnownFileType = wrapper.framework; name = CoreLocation.framework; path = System/Library/Frameworks/CoreLocation.framework; sourceTree = SDKROOT; };
		E0848B9919AC318800FB4930 /* CoreMedia.framework */ = {isa = PBXFileReference; lastKnownFileType = wrapper.framework; name = CoreMedia.framework; path = System/Library/Frameworks/CoreMedia.framework; sourceTree = SDKROOT; };
		E0848B9B19AC318800FB4930 /* CoreVideo.framework */ = {isa = PBXFileReference; lastKnownFileType = wrapper.framework; name = CoreVideo.framework; path = System/Library/Frameworks/CoreVideo.framework; sourceTree = SDKROOT; };
		E0848B9D19AC318800FB4930 /* AVFoundation.framework */ = {isa = PBXFileReference; lastKnownFileType = wrapper.framework; name = AVFoundation.framework; path = System/Library/Frameworks/AVFoundation.framework; sourceTree = SDKROOT; };
		E0848B9F19AC318800FB4930 /* Security.framework */ = {isa = PBXFileReference; lastKnownFileType = wrapper.framework; name = Security.framework; path = System/Library/Frameworks/Security.framework; sourceTree = SDKROOT; };
		E0848BAD19AC318800FB4930 /* Advertising-Prefix.pch */ = {isa = PBXFileReference; lastKnownFileType = sourcecode.c.h; path = "Advertising-Prefix.pch"; sourceTree = "<group>"; };
		E0848BAE19AC318800FB4930 /* Advertising.h */ = {isa = PBXFileReference; lastKnownFileType = sourcecode.c.h; path = Advertising.h; sourceTree = "<group>"; };
		E0848BAF19AC318800FB4930 /* Advertising.m */ = {isa = PBXFileReference; lastKnownFileType = sourcecode.c.objc; path = Advertising.m; sourceTree = "<group>"; };
		E0848BB119AC318800FB4930 /* extension.xml */ = {isa = PBXFileReference; lastKnownFileType = text.xml; path = extension.xml; sourceTree = "<group>"; };
		E0848BB219AC318800FB4930 /* platformoptions.xml */ = {isa = PBXFileReference; lastKnownFileType = text.xml; path = platformoptions.xml; sourceTree = "<group>"; };
		E0848BB319AC318800FB4930 /* generateANE.sh */ = {isa = PBXFileReference; lastKnownFileType = text.script.sh; path = generateANE.sh; sourceTree = "<group>"; };
		E0848BB419AC318800FB4930 /* debugIPA.sh */ = {isa = PBXFileReference; lastKnownFileType = text.script.sh; path = debugIPA.sh; sourceTree = "<group>"; };
		E0848BC119AC324A00FB4930 /* AdManager.h */ = {isa = PBXFileReference; fileEncoding = 4; lastKnownFileType = sourcecode.c.h; path = AdManager.h; sourceTree = "<group>"; };
		E0848BC219AC324A00FB4930 /* AdManager.m */ = {isa = PBXFileReference; fileEncoding = 4; lastKnownFileType = sourcecode.c.objc; path = AdManager.m; sourceTree = "<group>"; };
		E0BCEBD519E5443E00975F97 /* BackFillBannerAdapter.h */ = {isa = PBXFileReference; fileEncoding = 4; lastKnownFileType = sourcecode.c.h; name = BackFillBannerAdapter.h; path = adapter/BackFillBannerAdapter.h; sourceTree = "<group>"; };
		E0BCEBD619E5443E00975F97 /* BackFillBannerAdapter.m */ = {isa = PBXFileReference; fileEncoding = 4; lastKnownFileType = sourcecode.c.objc; name = BackFillBannerAdapter.m; path = adapter/BackFillBannerAdapter.m; sourceTree = "<group>"; };
		E0BF36CE19E7B5A4004FBCD0 /* BackFillInterstitialAdapter.h */ = {isa = PBXFileReference; fileEncoding = 4; lastKnownFileType = sourcecode.objj.h; name = BackFillInterstitialAdapter.h; path = adapter/BackFillInterstitialAdapter.h; sourceTree = "<group>"; };
		E0BF36CF19E7B5A4004FBCD0 /* BackFillInterstitialAdapter.m */ = {isa = PBXFileReference; fileEncoding = 4; lastKnownFileType = sourcecode.c.objc; name = BackFillInterstitialAdapter.m; path = adapter/BackFillInterstitialAdapter.m; sourceTree = "<group>"; };
		E0BF36D219E8D53B004FBCD0 /* close_button.png */ = {isa = PBXFileReference; lastKnownFileType = image.png; path = close_button.png; sourceTree = "<group>"; };
		E0BF36D319E8D53B004FBCD0 /* close_button@2x.png */ = {isa = PBXFileReference; lastKnownFileType = image.png; path = "close_button@2x.png"; sourceTree = "<group>"; };
		E0E2AD7B19B0484B0097D303 /* AbstractAdAdapter.h */ = {isa = PBXFileReference; fileEncoding = 4; lastKnownFileType = sourcecode.objj.h; path = AbstractAdAdapter.h; sourceTree = "<group>"; };
		E0E2AD7C19B0484B0097D303 /* AbstractAdAdapter.m */ = {isa = PBXFileReference; fileEncoding = 4; lastKnownFileType = sourcecode.c.objc; path = AbstractAdAdapter.m; sourceTree = "<group>"; };
		E0E2AD8319B04A410097D303 /* AdmobBannerAdapter.h */ = {isa = PBXFileReference; fileEncoding = 4; lastKnownFileType = sourcecode.objj.h; name = AdmobBannerAdapter.h; path = adapter/AdmobBannerAdapter.h; sourceTree = "<group>"; };
		E0E2AD8419B04A410097D303 /* AdmobBannerAdapter.m */ = {isa = PBXFileReference; fileEncoding = 4; lastKnownFileType = sourcecode.c.objc; name = AdmobBannerAdapter.m; path = adapter/AdmobBannerAdapter.m; sourceTree = "<group>"; };
		E0E2AD8719B0913B0097D303 /* AmazonBannerAdapter.h */ = {isa = PBXFileReference; fileEncoding = 4; lastKnownFileType = sourcecode.objj.h; name = AmazonBannerAdapter.h; path = adapter/AmazonBannerAdapter.h; sourceTree = "<group>"; };
		E0E2AD8819B0913B0097D303 /* AmazonBannerAdapter.m */ = {isa = PBXFileReference; fileEncoding = 4; lastKnownFileType = sourcecode.c.objc; name = AmazonBannerAdapter.m; path = adapter/AmazonBannerAdapter.m; sourceTree = "<group>"; };
		E0E2AD8B19B1D9260097D303 /* IAdBannerAdapter.h */ = {isa = PBXFileReference; fileEncoding = 4; lastKnownFileType = sourcecode.objj.h; name = IAdBannerAdapter.h; path = adapter/IAdBannerAdapter.h; sourceTree = "<group>"; };
		E0E2AD8C19B1D9260097D303 /* IAdBannerAdapter.m */ = {isa = PBXFileReference; fileEncoding = 4; lastKnownFileType = sourcecode.c.objc; name = IAdBannerAdapter.m; path = adapter/IAdBannerAdapter.m; sourceTree = "<group>"; };
		E0E2AD8F19B208D70097D303 /* AdSupport.framework */ = {isa = PBXFileReference; lastKnownFileType = wrapper.framework; name = AdSupport.framework; path = System/Library/Frameworks/AdSupport.framework; sourceTree = SDKROOT; };
		E0E2AD9319B20B6E0097D303 /* IAdInterstitialAdapter.h */ = {isa = PBXFileReference; fileEncoding = 4; lastKnownFileType = sourcecode.objj.h; name = IAdInterstitialAdapter.h; path = adapter/IAdInterstitialAdapter.h; sourceTree = "<group>"; };
		E0E2AD9419B20B6E0097D303 /* IAdInterstitialAdapter.m */ = {isa = PBXFileReference; fileEncoding = 4; lastKnownFileType = sourcecode.c.objc; name = IAdInterstitialAdapter.m; path = adapter/IAdInterstitialAdapter.m; sourceTree = "<group>"; };
		E0E2AD9719B2C29B0097D303 /* AdmobInterstitialAdapter.h */ = {isa = PBXFileReference; fileEncoding = 4; lastKnownFileType = sourcecode.objj.h; name = AdmobInterstitialAdapter.h; path = adapter/AdmobInterstitialAdapter.h; sourceTree = "<group>"; };
		E0E2AD9819B2C29B0097D303 /* AdmobInterstitialAdapter.m */ = {isa = PBXFileReference; fileEncoding = 4; lastKnownFileType = sourcecode.c.objc; name = AdmobInterstitialAdapter.m; path = adapter/AdmobInterstitialAdapter.m; sourceTree = "<group>"; };
/* End PBXFileReference section */

/* Begin PBXFrameworksBuildPhase section */
		E0848B7D19AC318800FB4930 /* Frameworks */ = {
			isa = PBXFrameworksBuildPhase;
			buildActionMask = 2147483647;
			files = (
				A6E598531CC7DA090007980F /* GoogleMobileAds.framework in Frameworks */,
				E012409E19BC2CBC002C94C4 /* StoreKit.framework in Frameworks */,
				E012409A19BC2C8F002C94C4 /* MediaPlayer.framework in Frameworks */,
				E012409819BC2C81002C94C4 /* EventKit.framework in Frameworks */,
				E0848B9819AC318800FB4930 /* CoreLocation.framework in Frameworks */,
				E0E2AD9119B208D80097D303 /* AdSupport.framework in Frameworks */,
				E0848B9A19AC318800FB4930 /* CoreMedia.framework in Frameworks */,
				E0848BA019AC318800FB4930 /* Security.framework in Frameworks */,
				E0848B8619AC318800FB4930 /* CoreFoundation.framework in Frameworks */,
				E0848B8A19AC318800FB4930 /* MobileCoreServices.framework in Frameworks */,
				E0848B9C19AC318800FB4930 /* CoreVideo.framework in Frameworks */,
				A667BAA81CC8BBC30011919E /* GoogleMobileAds.framework in Frameworks */,
				E0848B9219AC318800FB4930 /* CFNetwork.framework in Frameworks */,
				E0848B8819AC318800FB4930 /* UIKit.framework in Frameworks */,
				E0848B8C19AC318800FB4930 /* CoreGraphics.framework in Frameworks */,
				E0848B9619AC318800FB4930 /* OpenGLES.framework in Frameworks */,
				E0848B9019AC318800FB4930 /* AudioToolbox.framework in Frameworks */,
				E0848B8E19AC318800FB4930 /* SystemConfiguration.framework in Frameworks */,
				E0848B8419AC318800FB4930 /* Foundation.framework in Frameworks */,
				E0848B9E19AC318800FB4930 /* AVFoundation.framework in Frameworks */,
				E0848B9419AC318800FB4930 /* QuartzCore.framework in Frameworks */,
			);
			runOnlyForDeploymentPostprocessing = 0;
		};
/* End PBXFrameworksBuildPhase section */

/* Begin PBXGroup section */
		E0848B7719AC318800FB4930 = {
			isa = PBXGroup;
			children = (
				E0848BAB19AC318800FB4930 /* Advertising */,
				E0848B8219AC318800FB4930 /* Frameworks */,
				E0848B8119AC318800FB4930 /* Products */,
			);
			sourceTree = "<group>";
		};
		E0848B8119AC318800FB4930 /* Products */ = {
			isa = PBXGroup;
			children = (
				E0848B8019AC318800FB4930 /* libAdvertising.a */,
			);
			name = Products;
			sourceTree = "<group>";
		};
		E0848B8219AC318800FB4930 /* Frameworks */ = {
			isa = PBXGroup;
			children = (
				E012409D19BC2CBC002C94C4 /* StoreKit.framework */,
				E012409919BC2C8F002C94C4 /* MediaPlayer.framework */,
				E012409719BC2C81002C94C4 /* EventKit.framework */,
				E0E2AD8F19B208D70097D303 /* AdSupport.framework */,
				E0848B8319AC318800FB4930 /* Foundation.framework */,
				E0848B8519AC318800FB4930 /* CoreFoundation.framework */,
				E0848B8719AC318800FB4930 /* UIKit.framework */,
				E0848B8919AC318800FB4930 /* MobileCoreServices.framework */,
				E0848B8B19AC318800FB4930 /* CoreGraphics.framework */,
				E0848B8D19AC318800FB4930 /* SystemConfiguration.framework */,
				E0848B8F19AC318800FB4930 /* AudioToolbox.framework */,
				E0848B9119AC318800FB4930 /* CFNetwork.framework */,
				E0848B9319AC318800FB4930 /* QuartzCore.framework */,
				E0848B9519AC318800FB4930 /* OpenGLES.framework */,
				E0848B9719AC318800FB4930 /* CoreLocation.framework */,
				E0848B9919AC318800FB4930 /* CoreMedia.framework */,
				E0848B9B19AC318800FB4930 /* CoreVideo.framework */,
				E0848B9D19AC318800FB4930 /* AVFoundation.framework */,
				E0848B9F19AC318800FB4930 /* Security.framework */,
			);
			name = Frameworks;
			sourceTree = "<group>";
		};
		E0848BAB19AC318800FB4930 /* Advertising */ = {
			isa = PBXGroup;
			children = (
				E0BF36D219E8D53B004FBCD0 /* close_button.png */,
				E0BF36D319E8D53B004FBCD0 /* close_button@2x.png */,
				E0E2AD7A19B0480E0097D303 /* adapter */,
				E0848BC019AC324A00FB4930 /* core */,
				E0848BAE19AC318800FB4930 /* Advertising.h */,
				E0848BAF19AC318800FB4930 /* Advertising.m */,
				E0848BAC19AC318800FB4930 /* Supporting Files */,
			);
			path = Advertising;
			sourceTree = "<group>";
		};
		E0848BAC19AC318800FB4930 /* Supporting Files */ = {
			isa = PBXGroup;
			children = (
				E0848BAD19AC318800FB4930 /* Advertising-Prefix.pch */,
				E0848BB119AC318800FB4930 /* extension.xml */,
				E0848BB219AC318800FB4930 /* platformoptions.xml */,
				E0848BB319AC318800FB4930 /* generateANE.sh */,
				E0848BB419AC318800FB4930 /* debugIPA.sh */,
			);
			name = "Supporting Files";
			sourceTree = "<group>";
		};
		E0848BC019AC324A00FB4930 /* core */ = {
			isa = PBXGroup;
			children = (
				E0848BC119AC324A00FB4930 /* AdManager.h */,
				E0848BC219AC324A00FB4930 /* AdManager.m */,
				E0E2AD7B19B0484B0097D303 /* AbstractAdAdapter.h */,
				E0E2AD7C19B0484B0097D303 /* AbstractAdAdapter.m */,
			);
			path = core;
			sourceTree = "<group>";
		};
		E0E2AD7A19B0480E0097D303 /* adapter */ = {
			isa = PBXGroup;
			children = (
				A667BAA71CC8BBC30011919E /* GoogleMobileAds.framework */,
				E0E2AD8319B04A410097D303 /* AdmobBannerAdapter.h */,
				E0E2AD8419B04A410097D303 /* AdmobBannerAdapter.m */,
				E0E2AD9719B2C29B0097D303 /* AdmobInterstitialAdapter.h */,
				E0E2AD9819B2C29B0097D303 /* AdmobInterstitialAdapter.m */,
				E0E2AD8719B0913B0097D303 /* AmazonBannerAdapter.h */,
				E0E2AD8819B0913B0097D303 /* AmazonBannerAdapter.m */,
				E012409F19BC3CE1002C94C4 /* AmazonInterstitialAdapter.h */,
				E01240A019BC3CE1002C94C4 /* AmazonInterstitialAdapter.m */,
				E0E2AD8B19B1D9260097D303 /* IAdBannerAdapter.h */,
				E0E2AD8C19B1D9260097D303 /* IAdBannerAdapter.m */,
				E0E2AD9319B20B6E0097D303 /* IAdInterstitialAdapter.h */,
				E0E2AD9419B20B6E0097D303 /* IAdInterstitialAdapter.m */,
				E012408F19BBE6FC002C94C4 /* InMobiBannerAdapter.h */,
				E012409019BBE6FC002C94C4 /* InMobiBannerAdapter.m */,
				E01240A719BDAE82002C94C4 /* InMobiInterstitialAdapter.h */,
				E01240A819BDAE82002C94C4 /* InMobiInterstitialAdapter.m */,
				E012409319BC2A97002C94C4 /* MMBannerAdapter.h */,
				E012409419BC2A97002C94C4 /* MMBannerAdapter.m */,
				E01240A319BC45EF002C94C4 /* MMInterstitialAdapter.h */,
				E01240A419BC45EF002C94C4 /* MMInterstitialAdapter.m */,
				E0BCEBD519E5443E00975F97 /* BackFillBannerAdapter.h */,
				E0BCEBD619E5443E00975F97 /* BackFillBannerAdapter.m */,
				E0BF36CE19E7B5A4004FBCD0 /* BackFillInterstitialAdapter.h */,
				E0BF36CF19E7B5A4004FBCD0 /* BackFillInterstitialAdapter.m */,
			);
			name = adapter;
			sourceTree = "<group>";
		};
/* End PBXGroup section */

/* Begin PBXHeadersBuildPhase section */
		E0848B7E19AC318800FB4930 /* Headers */ = {
			isa = PBXHeadersBuildPhase;
			buildActionMask = 2147483647;
			files = (
				E01240A519BC45EF002C94C4 /* MMInterstitialAdapter.h in Headers */,
				E0848BC319AC324A00FB4930 /* AdManager.h in Headers */,
				E012409519BC2A97002C94C4 /* MMBannerAdapter.h in Headers */,
				E01240A919BDAE82002C94C4 /* InMobiInterstitialAdapter.h in Headers */,
				E012409119BBE6FC002C94C4 /* InMobiBannerAdapter.h in Headers */,
				E0BCEBD719E5443E00975F97 /* BackFillBannerAdapter.h in Headers */,
				E01240A119BC3CE1002C94C4 /* AmazonInterstitialAdapter.h in Headers */,
			);
			runOnlyForDeploymentPostprocessing = 0;
		};
/* End PBXHeadersBuildPhase section */

/* Begin PBXNativeTarget section */
		E0848B7F19AC318800FB4930 /* Advertising */ = {
			isa = PBXNativeTarget;
			buildConfigurationList = E0848BB719AC318800FB4930 /* Build configuration list for PBXNativeTarget "Advertising" */;
			buildPhases = (
				E0848B7C19AC318800FB4930 /* Sources */,
				E0848B7D19AC318800FB4930 /* Frameworks */,
				E0848B7E19AC318800FB4930 /* Headers */,
			);
			buildRules = (
			);
			dependencies = (
			);
			name = Advertising;
			productName = Advertising;
			productReference = E0848B8019AC318800FB4930 /* libAdvertising.a */;
			productType = "com.apple.product-type.library.static";
		};
/* End PBXNativeTarget section */

/* Begin PBXProject section */
		E0848B7819AC318800FB4930 /* Project object */ = {
			isa = PBXProject;
			attributes = {
				LastUpgradeCheck = 0600;
			};
			buildConfigurationList = E0848B7B19AC318800FB4930 /* Build configuration list for PBXProject "Advertising" */;
			compatibilityVersion = "Xcode 3.2";
			developmentRegion = English;
			hasScannedForEncodings = 0;
			knownRegions = (
				en,
			);
			mainGroup = E0848B7719AC318800FB4930;
			productRefGroup = E0848B8119AC318800FB4930 /* Products */;
			projectDirPath = "";
			projectRoot = "";
			targets = (
				E0848B7F19AC318800FB4930 /* Advertising */,
			);
		};
/* End PBXProject section */

/* Begin PBXSourcesBuildPhase section */
		E0848B7C19AC318800FB4930 /* Sources */ = {
			isa = PBXSourcesBuildPhase;
			buildActionMask = 2147483647;
			files = (
				E0E2AD9A19B2C29B0097D303 /* AdmobInterstitialAdapter.m in Sources */,
				E0E2AD7E19B0484B0097D303 /* AbstractAdAdapter.m in Sources */,
				E0E2AD8619B04A410097D303 /* AdmobBannerAdapter.m in Sources */,
				E0848BC419AC324A00FB4930 /* AdManager.m in Sources */,
				A6E598541CC7DA8E0007980F /* BackFillInterstitialAdapter.m in Sources */,
				E0848BB019AC318800FB4930 /* Advertising.m in Sources */,
				A6E598551CC7DA920007980F /* BackFillBannerAdapter.m in Sources */,
			);
			runOnlyForDeploymentPostprocessing = 0;
		};
/* End PBXSourcesBuildPhase section */

/* Begin XCBuildConfiguration section */
		E0848BB519AC318800FB4930 /* Debug */ = {
			isa = XCBuildConfiguration;
			buildSettings = {
				ALWAYS_SEARCH_USER_PATHS = NO;
				CLANG_ENABLE_OBJC_ARC = NO;
				"CODE_SIGN_IDENTITY[sdk=iphoneos*]" = "iPhone Developer";
				COPY_PHASE_STRIP = NO;
				GCC_C_LANGUAGE_STANDARD = gnu99;
				GCC_DYNAMIC_NO_PIC = NO;
				GCC_ENABLE_CPP_EXCEPTIONS = NO;
				GCC_ENABLE_OBJC_EXCEPTIONS = NO;
				GCC_OPTIMIZATION_LEVEL = 0;
				GCC_PREPROCESSOR_DEFINITIONS = (
					"DEBUG=1",
					"$(inherited)",
				);
				GCC_SYMBOLS_PRIVATE_EXTERN = NO;
				GCC_VERSION = "";
				GCC_WARN_ABOUT_MISSING_PROTOTYPES = YES;
				GCC_WARN_ABOUT_RETURN_TYPE = YES;
				GCC_WARN_UNUSED_VARIABLE = YES;
				IPHONEOS_DEPLOYMENT_TARGET = 6.0;
				ONLY_ACTIVE_ARCH = YES;
				SDKROOT = iphoneos;
				USER_HEADER_SEARCH_PATHS = "$(SRCROOT)/** /Users/tsangwailam/Documents/Digicrafts/libs/as3/AIRSDK_Compiler_14/include/";
			};
			name = Debug;
		};
		E0848BB619AC318800FB4930 /* Release */ = {
			isa = XCBuildConfiguration;
			buildSettings = {
				ALWAYS_SEARCH_USER_PATHS = NO;
				CLANG_ENABLE_OBJC_ARC = NO;
				"CODE_SIGN_IDENTITY[sdk=iphoneos*]" = "iPhone Developer";
				COPY_PHASE_STRIP = YES;
				GCC_C_LANGUAGE_STANDARD = gnu99;
				GCC_ENABLE_CPP_EXCEPTIONS = NO;
				GCC_ENABLE_OBJC_EXCEPTIONS = NO;
				GCC_VERSION = "";
				GCC_WARN_ABOUT_MISSING_PROTOTYPES = YES;
				GCC_WARN_ABOUT_RETURN_TYPE = YES;
				GCC_WARN_UNUSED_VARIABLE = YES;
				IPHONEOS_DEPLOYMENT_TARGET = 6.0;
				SDKROOT = iphoneos;
				USER_HEADER_SEARCH_PATHS = "$(SRCROOT)/** /Users/tsangwailam/Documents/Digicrafts/libs/as3/AIRSDK_Compiler_14/include/";
				VALIDATE_PRODUCT = YES;
			};
			name = Release;
		};
		E0848BB819AC318800FB4930 /* Debug */ = {
			isa = XCBuildConfiguration;
			buildSettings = {
				DSTROOT = /tmp/Advertising.dst;
				FRAMEWORK_SEARCH_PATHS = (
					"$(inherited)",
					"$(PROJECT_DIR)/Advertising/GoogleMobileAdsSdkiOS",
				);
				GCC_PRECOMPILE_PREFIX_HEADER = YES;
				GCC_PREFIX_HEADER = "Advertising/Advertising-Prefix.pch";
				LIBRARY_SEARCH_PATHS = (
					"$(inherited)",
					"$(PROJECT_DIR)/Advertising/GoogleMobileAdsSdkiOS",
				);
				OTHER_LDFLAGS = "-ObjC";
				PRODUCT_NAME = "$(TARGET_NAME)";
				SKIP_INSTALL = YES;
			};
			name = Debug;
		};
		E0848BB919AC318800FB4930 /* Release */ = {
			isa = XCBuildConfiguration;
			buildSettings = {
				DSTROOT = /tmp/Advertising.dst;
				FRAMEWORK_SEARCH_PATHS = (
					"$(inherited)",
					"$(PROJECT_DIR)/Advertising/GoogleMobileAdsSdkiOS",
				);
				GCC_PRECOMPILE_PREFIX_HEADER = YES;
				GCC_PREFIX_HEADER = "Advertising/Advertising-Prefix.pch";
				LIBRARY_SEARCH_PATHS = (
					"$(inherited)",
					"$(PROJECT_DIR)/Advertising/GoogleMobileAdsSdkiOS",
				);
				OTHER_LDFLAGS = "-ObjC";
				PRODUCT_NAME = "$(TARGET_NAME)";
				SKIP_INSTALL = YES;
			};
			name = Release;
		};
/* End XCBuildConfiguration section */

/* Begin XCConfigurationList section */
		E0848B7B19AC318800FB4930 /* Build configuration list for PBXProject "Advertising" */ = {
			isa = XCConfigurationList;
			buildConfigurations = (
				E0848BB519AC318800FB4930 /* Debug */,
				E0848BB619AC318800FB4930 /* Release */,
			);
			defaultConfigurationIsVisible = 0;
			defaultConfigurationName = Release;
		};
		E0848BB719AC318800FB4930 /* Build configuration list for PBXNativeTarget "Advertising" */ = {
			isa = XCConfigurationList;
			buildConfigurations = (
				E0848BB819AC318800FB4930 /* Debug */,
				E0848BB919AC318800FB4930 /* Release */,
			);
			defaultConfigurationIsVisible = 0;
			defaultConfigurationName = Release;
		};
/* End XCConfigurationList section */
	};
	rootObject = E0848B7819AC318800FB4930 /* Project object */;
}
